{
  "requires": true,
  "lockfileVersion": 1,
  "dependencies": {
    "bingmaps": {
      "version": "2.0.3",
      "resolved": "https://registry.npmjs.org/bingmaps/-/bingmaps-2.0.3.tgz",
      "integrity": "sha1-WFB7PH1inzW1VtYFIrNuoyUPFQ4="
    },
    "vue-bing-maps": {
      "version": "0.0.4",
      "resolved": "https://registry.npmjs.org/vue-bing-maps/-/vue-bing-maps-0.0.4.tgz",
      "integrity": "sha512-CH71gI0aKkcA+MbDiqRwRgRTMqvh2Jgy2cJn4sAH2Mb2XgGtTH5eJy+pkvMo5Anw3K38J7tAIYJuxu+3Ghf+fg=="
    }
  }
}
